// !$*UTF8*$!
{
	archiveVersion = 1;
	classes = {
	};
	objectVersion = 56;
	objects = {

/* Begin PBXBuildFile section */
		114A2CB32B972BCB00A0106C /* AppDelegate.swift in Sources */ = {isa = PBXBuildFile; fileRef = 114A2CB22B972BCB00A0106C /* AppDelegate.swift */; };
		114A2CB52B972BCB00A0106C /* SceneDelegate.swift in Sources */ = {isa = PBXBuildFile; fileRef = 114A2CB42B972BCB00A0106C /* SceneDelegate.swift */; };
		114A2CB72B972BCB00A0106C /* ViewController.swift in Sources */ = {isa = PBXBuildFile; fileRef = 114A2CB62B972BCB00A0106C /* ViewController.swift */; };
		114A2CBA2B972BCB00A0106C /* Main.storyboard in Resources */ = {isa = PBXBuildFile; fileRef = 114A2CB82B972BCB00A0106C /* Main.storyboard */; };
		114A2CBC2B972BCB00A0106C /* Assets.xcassets in Resources */ = {isa = PBXBuildFile; fileRef = 114A2CBB2B972BCB00A0106C /* Assets.xcassets */; };
		114A2CBF2B972BCB00A0106C /* LaunchScreen.storyboard in Resources */ = {isa = PBXBuildFile; fileRef = 114A2CBD2B972BCB00A0106C /* LaunchScreen.storyboard */; };
		114A2CC72B972EB600A0106C /* Model.swift in Sources */ = {isa = PBXBuildFile; fileRef = 114A2CC62B972EB600A0106C /* Model.swift */; };
/* End PBXBuildFile section */

/* Begin PBXFileReference section */
		114A2CAF2B972BCB00A0106C /* NewTestProjectSVN.app */ = {isa = PBXFileReference; explicitFileType = wrapper.application; includeInIndex = 0; path = NewTestProjectSVN.app; sourceTree = BUILT_PRODUCTS_DIR; };
		114A2CB22B972BCB00A0106C /* AppDelegate.swift */ = {isa = PBXFileReference; lastKnownFileType = sourcecode.swift; path = AppDelegate.swift; sourceTree = "<group>"; };
		114A2CB42B972BCB00A0106C /* SceneDelegate.swift */ = {isa = PBXFileReference; lastKnownFileType = sourcecode.swift; path = SceneDelegate.swift; sourceTree = "<group>"; };
		114A2CB62B972BCB00A0106C /* ViewController.swift */ = {isa = PBXFileReference; lastKnownFileType = sourcecode.swift; path = ViewController.swift; sourceTree = "<group>"; };
		114A2CB92B972BCB00A0106C /* Base */ = {isa = PBXFileReference; lastKnownFileType = file.storyboard; name = Base; path = Base.lproj/Main.storyboard; sourceTree = "<group>"; };
		114A2CBB2B972BCB00A0106C /* Assets.xcassets */ = {isa = PBXFileReference; lastKnownFileType = folder.assetcatalog; path = Assets.xcassets; sourceTree = "<group>"; };
		114A2CBE2B972BCB00A0106C /* Base */ = {isa = PBXFileReference; lastKnownFileType = file.storyboard; name = Base; path = Base.lproj/LaunchScreen.storyboard; sourceTree = "<group>"; };
		114A2CC02B972BCB00A0106C /* Info.plist */ = {isa = PBXFileReference; lastKnownFileType = text.plist.xml; path = Info.plist; sourceTree = "<group>"; };
		114A2CC62B972EB600A0106C /* Model.swift */ = {isa = PBXFileReference; lastKnownFileType = sourcecode.swift; path = Model.swift; sourceTree = "<group>"; };
/* End PBXFileReference section */

/* Begin PBXFrameworksBuildPhase section */
		114A2CAC2B972BCB00A0106C /* Frameworks */ = {
			isa = PBXFrameworksBuildPhase;
			buildActionMask = 2147483647;
			files = (
			);
			runOnlyForDeploymentPostprocessing = 0;
		};
/* End PBXFrameworksBuildPhase section */

/* Begin PBXGroup section */
		114A2CA62B972BCB00A0106C = {
			isa = PBXGroup;
			children = (
				114A2CB12B972BCB00A0106C /* NewTestProjectSVN */,
				114A2CB02B972BCB00A0106C /* Products */,
			);
			sourceTree = "<group>";
		};
		114A2CB02B972BCB00A0106C /* Products */ = {
			isa = PBXGroup;
			children = (
				114A2CAF2B972BCB00A0106C /* NewTestProjectSVN.app */,
			);
			name = Products;
			sourceTree = "<group>";
		};
		114A2CB12B972BCB00A0106C /* NewTestProjectSVN */ = {
			isa = PBXGroup;
			children = (
				114A2CB22B972BCB00A0106C /* AppDelegate.swift */,
				114A2CB42B972BCB00A0106C /* SceneDelegate.swift */,
				114A2CC62B972EB600A0106C /* Model.swift */,
				114A2CB62B972BCB00A0106C /* ViewController.swift */,
				114A2CB82B972BCB00A0106C /* Main.storyboard */,
				114A2CBB2B972BCB00A0106C /* Assets.xcassets */,
				114A2CBD2B972BCB00A0106C /* LaunchScreen.storyboard */,
				114A2CC02B972BCB00A0106C /* Info.plist */,
			);
			path = NewTestProjectSVN;
			sourceTree = "<group>";
		};
/* End PBXGroup section */

/* Begin PBXNativeTarget section */
		114A2CAE2B972BCB00A0106C /* NewTestProjectSVN */ = {
			isa = PBXNativeTarget;
			buildConfigurationList = 114A2CC32B972BCB00A0106C /* Build configuration list for PBXNativeTarget "NewTestProjectSVN" */;
			buildPhases = (
				114A2CAB2B972BCB00A0106C /* Sources */,
				114A2CAC2B972BCB00A0106C /* Frameworks */,
				114A2CAD2B972BCB00A0106C /* Resources */,
			);
			buildRules = (
			);
			dependencies = (
			);
			name = NewTestProjectSVN;
			productName = NewTestProjectSVN;
			productReference = 114A2CAF2B972BCB00A0106C /* NewTestProjectSVN.app */;
			productType = "com.apple.product-type.application";
		};
/* End PBXNativeTarget section */

/* Begin PBXProject section */
		114A2CA72B972BCB00A0106C /* Project object */ = {
			isa = PBXProject;
			attributes = {
				BuildIndependentTargetsInParallel = 1;
				LastSwiftUpdateCheck = 1410;
				LastUpgradeCheck = 1410;
				TargetAttributes = {
					114A2CAE2B972BCB00A0106C = {
						CreatedOnToolsVersion = 14.1;
					};
				};
			};
			buildConfigurationList = 114A2CAA2B972BCB00A0106C /* Build configuration list for PBXProject "NewTestProjectSVN" */;
			compatibilityVersion = "Xcode 14.0";
			developmentRegion = en;
			hasScannedForEncodings = 0;
			knownRegions = (
				en,
				Base,
			);
			mainGroup = 114A2CA62B972BCB00A0106C;
			productRefGroup = 114A2CB02B972BCB00A0106C /* Products */;
			projectDirPath = "";
			projectRoot = "";
			targets = (
				114A2CAE2B972BCB00A0106C /* NewTestProjectSVN */,
			);
		};
/* End PBXProject section */

/* Begin PBXResourcesBuildPhase section */
		114A2CAD2B972BCB00A0106C /* Resources */ = {
			isa = PBXResourcesBuildPhase;
			buildActionMask = 2147483647;
			files = (
				114A2CBF2B972BCB00A0106C /* LaunchScreen.storyboard in Resources */,
				114A2CBC2B972BCB00A0106C /* Assets.xcassets in Resources */,
				114A2CBA2B972BCB00A0106C /* Main.storyboard in Resources */,
			);
			runOnlyForDeploymentPostprocessing = 0;
		};
/* End PBXResourcesBuildPhase section */

/* Begin PBXSourcesBuildPhase section */
		114A2CAB2B972BCB00A0106C /* Sources */ = {
			isa = PBXSourcesBuildPhase;
			buildActionMask = 2147483647;
			files = (
				114A2CB72B972BCB00A0106C /* ViewController.swift in Sources */,
				114A2CB32B972BCB00A0106C /* AppDelegate.swift in Sources */,
				114A2CB52B972BCB00A0106C /* SceneDelegate.swift in Sources */,
				114A2CC72B972EB600A0106C /* Model.swift in Sources */,
			);
			runOnlyForDeploymentPostprocessing = 0;
		};
/* End PBXSourcesBuildPhase section */

/* Begin PBXVariantGroup section */
		114A2CB82B972BCB00A0106C /* Main.storyboard */ = {
			isa = PBXVariantGroup;
			children = (
				114A2CB92B972BCB00A0106C /* Base */,
			);
			name = Main.storyboard;
			sourceTree = "<group>";
		};
		114A2CBD2B972BCB00A0106C /* LaunchScreen.storyboard */ = {
			isa = PBXVariantGroup;
			children = (
				114A2CBE2B972BCB00A0106C /* Base */,
			);
			name = LaunchScreen.storyboard;
			sourceTree = "<group>";
		};
/* End PBXVariantGroup section */

/* Begin XCBuildConfiguration section */
		114A2CC12B972BCB00A0106C /* Debug */ = {
			isa = XCBuildConfiguration;
			buildSettings = {
				ALWAYS_SEARCH_USER_PATHS = NO;
				CLANG_ANALYZER_NONNULL = YES;
				CLANG_ANALYZER_NUMBER_OBJECT_CONVERSION = YES_AGGRESSIVE;
				CLANG_CXX_LANGUAGE_STANDARD = "gnu++20";
				CLANG_ENABLE_MODULES = YES;
				CLANG_ENABLE_OBJC_ARC = YES;
				CLANG_ENABLE_OBJC_WEAK = YES;
				CLANG_WARN_BLOCK_CAPTURE_AUTORELEASING = YES;
				CLANG_WARN_BOOL_CONVERSION = YES;
				CLANG_WARN_COMMA = YES;
				CLANG_WARN_CONSTANT_CONVERSION = YES;
				CLANG_WARN_DEPRECATED_OBJC_IMPLEMENTATIONS = YES;
				CLANG_WARN_DIRECT_OBJC_ISA_USAGE = YES_ERROR;
				CLANG_WARN_DOCUMENTATION_COMMENTS = YES;
				CLANG_WARN_EMPTY_BODY = YES;
				CLANG_WARN_ENUM_CONVERSION = YES;
				CLANG_WARN_INFINITE_RECURSION = YES;
				CLANG_WARN_INT_CONVERSION = YES;
				CLANG_WARN_NON_LITERAL_NULL_CONVERSION = YES;
				CLANG_WARN_OBJC_IMPLICIT_RETAIN_SELF = YES;
				CLANG_WARN_OBJC_LITERAL_CONVERSION = YES;
				CLANG_WARN_OBJC_ROOT_CLASS = YES_ERROR;
				CLANG_WARN_QUOTED_INCLUDE_IN_FRAMEWORK_HEADER = YES;
				CLANG_WARN_RANGE_LOOP_ANALYSIS = YES;
				CLANG_WARN_STRICT_PROTOTYPES = YES;
				CLANG_WARN_SUSPICIOUS_MOVE = YES;
				CLANG_WARN_UNGUARDED_AVAILABILITY = YES_AGGRESSIVE;
				CLANG_WARN_UNREACHABLE_CODE = YES;
				CLANG_WARN__DUPLICATE_METHOD_MATCH = YES;
				COPY_PHASE_STRIP = NO;
				DEBUG_INFORMATION_FORMAT = dwarf;
				ENABLE_STRICT_OBJC_MSGSEND = YES;
				ENABLE_TESTABILITY = YES;
				GCC_C_LANGUAGE_STANDARD = gnu11;
				GCC_DYNAMIC_NO_PIC = NO;
				GCC_NO_COMMON_BLOCKS = YES;
				GCC_OPTIMIZATION_LEVEL = 0;
				GCC_PREPROCESSOR_DEFINITIONS = (
					"DEBUG=1",
					"$(inherited)",
				);
				GCC_WARN_64_TO_32_BIT_CONVERSION = YES;
				GCC_WARN_ABOUT_RETURN_TYPE = YES_ERROR;
				GCC_WARN_UNDECLARED_SELECTOR = YES;
				GCC_WARN_UNINITIALIZED_AUTOS = YES_AGGRESSIVE;
				GCC_WARN_UNUSED_FUNCTION = YES;
				GCC_WARN_UNUSED_VARIABLE = YES;
				IPHONEOS_DEPLOYMENT_TARGET = 16.1;
				MTL_ENABLE_DEBUG_INFO = INCLUDE_SOURCE;
				MTL_FAST_MATH = YES;
				ONLY_ACTIVE_ARCH = YES;
				SDKROOT = iphoneos;
				SWIFT_ACTIVE_COMPILATION_CONDITIONS = DEBUG;
				SWIFT_OPTIMIZATION_LEVEL = "-Onone";
			};
			name = Debug;
		};
		114A2CC22B972BCB00A0106C /* Release */ = {
			isa = XCBuildConfiguration;
			buildSettings = {
				ALWAYS_SEARCH_USER_PATHS = NO;
				CLANG_ANALYZER_NONNULL = YES;
				CLANG_ANALYZER_NUMBER_OBJECT_CONVERSION = YES_AGGRESSIVE;
				CLANG_CXX_LANGUAGE_STANDARD = "gnu++20";
				CLANG_ENABLE_MODULES = YES;
				CLANG_ENABLE_OBJC_ARC = YES;
				CLANG_ENABLE_OBJC_WEAK = YES;
				CLANG_WARN_BLOCK_CAPTURE_AUTORELEASING = YES;
				CLANG_WARN_BOOL_CONVERSION = YES;
				CLANG_WARN_COMMA = YES;
				CLANG_WARN_CONSTANT_CONVERSION = YES;
				CLANG_WARN_DEPRECATED_OBJC_IMPLEMENTATIONS = YES;
				CLANG_WARN_DIRECT_OBJC_ISA_USAGE = YES_ERROR;
				CLANG_WARN_DOCUMENTATION_COMMENTS = YES;
				CLANG_WARN_EMPTY_BODY = YES;
				CLANG_WARN_ENUM_CONVERSION = YES;
				CLANG_WARN_INFINITE_RECURSION = YES;
				CLANG_WARN_INT_CONVERSION = YES;
				CLANG_WARN_NON_LITERAL_NULL_CONVERSION = YES;
				CLANG_WARN_OBJC_IMPLICIT_RETAIN_SELF = YES;
				CLANG_WARN_OBJC_LITERAL_CONVERSION = YES;
				CLANG_WARN_OBJC_ROOT_CLASS = YES_ERROR;
				CLANG_WARN_QUOTED_INCLUDE_IN_FRAMEWORK_HEADER = YES;
				CLANG_WARN_RANGE_LOOP_ANALYSIS = YES;
				CLANG_WARN_STRICT_PROTOTYPES = YES;
				CLANG_WARN_SUSPICIOUS_MOVE = YES;
				CLANG_WARN_UNGUARDED_AVAILABILITY = YES_AGGRESSIVE;
				CLANG_WARN_UNREACHABLE_CODE = YES;
				CLANG_WARN__DUPLICATE_METHOD_MATCH = YES;
				COPY_PHASE_STRIP = NO;
				DEBUG_INFORMATION_FORMAT = "dwarf-with-dsym";
				ENABLE_NS_ASSERTIONS = NO;
				ENABLE_STRICT_OBJC_MSGSEND = YES;
				GCC_C_LANGUAGE_STANDARD = gnu11;
				GCC_NO_COMMON_BLOCKS = YES;
				GCC_WARN_64_TO_32_BIT_CONVERSION = YES;
				GCC_WARN_ABOUT_RETURN_TYPE = YES_ERROR;
				GCC_WARN_UNDECLARED_SELECTOR = YES;
				GCC_WARN_UNINITIALIZED_AUTOS = YES_AGGRESSIVE;
				GCC_WARN_UNUSED_FUNCTION = YES;
				GCC_WARN_UNUSED_VARIABLE = YES;
				IPHONEOS_DEPLOYMENT_TARGET = 16.1;
				MTL_ENABLE_DEBUG_INFO = NO;
				MTL_FAST_MATH = YES;
				SDKROOT = iphoneos;
				SWIFT_COMPILATION_MODE = wholemodule;
				SWIFT_OPTIMIZATION_LEVEL = "-O";
				VALIDATE_PRODUCT = YES;
			};
			name = Release;
		};
		114A2CC42B972BCB00A0106C /* Debug */ = {
			isa = XCBuildConfiguration;
			buildSettings = {
				ASSETCATALOG_COMPILER_APPICON_NAME = AppIcon;
				ASSETCATALOG_COMPILER_GLOBAL_ACCENT_COLOR_NAME = AccentColor;
				CODE_SIGN_STYLE = Automatic;
				CURRENT_PROJECT_VERSION = 1;
				GENERATE_INFOPLIST_FILE = YES;
				INFOPLIST_FILE = NewTestProjectSVN/Info.plist;
				INFOPLIST_KEY_UIApplicationSupportsIndirectInputEvents = YES;
				INFOPLIST_KEY_UILaunchStoryboardName = LaunchScreen;
				INFOPLIST_KEY_UIMainStoryboardFile = Main;
				INFOPLIST_KEY_UISupportedInterfaceOrientations_iPad = "UIInterfaceOrientationPortrait UIInterfaceOrientationPortraitUpsideDown UIInterfaceOrientationLandscapeLeft UIInterfaceOrientationLandscapeRight";
				INFOPLIST_KEY_UISupportedInterfaceOrientations_iPhone = "UIInterfaceOrientationPortrait UIInterfaceOrientationLandscapeLeft UIInterfaceOrientationLandscapeRight";
				LD_RUNPATH_SEARCH_PATHS = (
					"$(inherited)",
					"@executable_path/Frameworks",
				);
				MARKETING_VERSION = 1.0;
				PRODUCT_BUNDLE_IDENTIFIER = com.annexcloud.NewTestProjectSVN;
				PRODUCT_NAME = "$(TARGET_NAME)";
				SWIFT_EMIT_LOC_STRINGS = YES;
				SWIFT_VERSION = 5.0;
				TARGETED_DEVICE_FAMILY = "1,2";
			};
			name = Debug;
		};
		114A2CC52B972BCB00A0106C /* Release */ = {
			isa = XCBuildConfiguration;
			buildSettings = {
				ASSETCATALOG_COMPILER_APPICON_NAME = AppIcon;
				ASSETCATALOG_COMPILER_GLOBAL_ACCENT_COLOR_NAME = AccentColor;
				CODE_SIGN_STYLE = Automatic;
				CURRENT_PROJECT_VERSION = 1;
				GENERATE_INFOPLIST_FILE = YES;
				INFOPLIST_FILE = NewTestProjectSVN/Info.plist;
				INFOPLIST_KEY_UIApplicationSupportsIndirectInputEvents = YES;
				INFOPLIST_KEY_UILaunchStoryboardName = LaunchScreen;
				INFOPLIST_KEY_UIMainStoryboardFile = Main;
				INFOPLIST_KEY_UISupportedInterfaceOrientations_iPad = "UIInterfaceOrientationPortrait UIInterfaceOrientationPortraitUpsideDown UIInterfaceOrientationLandscapeLeft UIInterfaceOrientationLandscapeRight";
				INFOPLIST_KEY_UISupportedInterfaceOrientations_iPhone = "UIInterfaceOrientationPortrait UIInterfaceOrientationLandscapeLeft UIInterfaceOrientationLandscapeRight";
				LD_RUNPATH_SEARCH_PATHS = (
					"$(inherited)",
					"@executable_path/Frameworks",
				);
				MARKETING_VERSION = 1.0;
				PRODUCT_BUNDLE_IDENTIFIER = com.annexcloud.NewTestProjectSVN;
				PRODUCT_NAME = "$(TARGET_NAME)";
				SWIFT_EMIT_LOC_STRINGS = YES;
				SWIFT_VERSION = 5.0;
				TARGETED_DEVICE_FAMILY = "1,2";
			};
			name = Release;
		};
/* End XCBuildConfiguration section */

/* Begin XCConfigurationList section */
		114A2CAA2B972BCB00A0106C /* Build configuration list for PBXProject "NewTestProjectSVN" */ = {
			isa = XCConfigurationList;
			buildConfigurations = (
				114A2CC12B972BCB00A0106C /* Debug */,
				114A2CC22B972BCB00A0106C /* Release */,
			);
			defaultConfigurationIsVisible = 0;
			defaultConfigurationName = Release;
		};
		114A2CC32B972BCB00A0106C /* Build configuration list for PBXNativeTarget "NewTestProjectSVN" */ = {
			isa = XCConfigurationList;
			buildConfigurations = (
				114A2CC42B972BCB00A0106C /* Debug */,
				114A2CC52B972BCB00A0106C /* Release */,
			);
			defaultConfigurationIsVisible = 0;
			defaultConfigurationName = Release;
		};
/* End XCConfigurationList section */
	};
	rootObject = 114A2CA72B972BCB00A0106C /* Project object */;
}
